
Microsoft Visual Studio Solution File, Format Version 12.00
# Visual Studio Version 16
VisualStudioVersion = 16.0.29509.3
MinimumVisualStudioVersion = 10.0.40219.1
Project("{9A19103F-16F7-4668-BE54-9A1E7A4F7556}") = "JobWebsiteMVC", "JobWebsiteMVC\JobWebsiteMVC.csproj", "{C459A975-C8FB-4429-A901-694AF457EBF1}"
EndProject
Project("{9A19103F-16F7-4668-BE54-9A1E7A4F7556}") = "UnitTests", "UnitTests\UnitTests.csproj", "{AE4DCA71-A426-4FAB-992E-0F76F15AD72C}"
EndProject
Global
	GlobalSection(SolutionConfigurationPlatforms) = preSolution
		Debug|Any CPU = Debug|Any CPU
		Release|Any CPU = Release|Any CPU
	EndGlobalSection
	GlobalSection(ProjectConfigurationPlatforms) = postSolution
		{C459A975-C8FB-4429-A901-694AF457EBF1}.Debug|Any CPU.ActiveCfg = Debug|Any CPU
		{C459A975-C8FB-4429-A901-694AF457EBF1}.Debug|Any CPU.Build.0 = Debug|Any CPU
		{C459A975-C8FB-4429-A901-694AF457EBF1}.Release|Any CPU.ActiveCfg = Release|Any CPU
		{C459A975-C8FB-4429-A901-694AF457EBF1}.Release|Any CPU.Build.0 = Release|Any CPU
		{AE4DCA71-A426-4FAB-992E-0F76F15AD72C}.Debug|Any CPU.ActiveCfg = Debug|Any CPU
		{AE4DCA71-A426-4FAB-992E-0F76F15AD72C}.Debug|Any CPU.Build.0 = Debug|Any CPU
		{AE4DCA71-A426-4FAB-992E-0F76F15AD72C}.Release|Any CPU.ActiveCfg = Release|Any CPU
		{AE4DCA71-A426-4FAB-992E-0F76F15AD72C}.Release|Any CPU.Build.0 = Release|Any CPU
	EndGlobalSection
	GlobalSection(SolutionProperties) = preSolution
		HideSolutionNode = FALSE
	EndGlobalSection
	GlobalSection(ExtensibilityGlobals) = postSolution
		SolutionGuid = {6B7BCCB6-DEFE-4A77-A936-5261D9482867}
	EndGlobalSection
EndGlobal
